
Microsoft Visual Studio Solution File, Format Version 12.00
# Visual Studio Version 16
VisualStudioVersion = 16.0.32929.386
MinimumVisualStudioVersion = 10.0.40219.1
Project("{FAE04EC0-301F-11D3-BF4B-00C04F79EFBC}") = "RevitAPIPipeSum", "RevitAPIPipeSum\RevitAPIPipeSum.csproj", "{CEEC8D65-B5E2-4937-83E0-077A7BA7EBE1}"
EndProject
Global
	GlobalSection(SolutionConfigurationPlatforms) = preSolution
		Debug|Any CPU = Debug|Any CPU
		Release|Any CPU = Release|Any CPU
	EndGlobalSection
	GlobalSection(ProjectConfigurationPlatforms) = postSolution
		{CEEC8D65-B5E2-4937-83E0-077A7BA7EBE1}.Debug|Any CPU.ActiveCfg = Debug|Any CPU
		{CEEC8D65-B5E2-4937-83E0-077A7BA7EBE1}.Debug|Any CPU.Build.0 = Debug|Any CPU
		{CEEC8D65-B5E2-4937-83E0-077A7BA7EBE1}.Release|Any CPU.ActiveCfg = Release|Any CPU
		{CEEC8D65-B5E2-4937-83E0-077A7BA7EBE1}.Release|Any CPU.Build.0 = Release|Any CPU
	EndGlobalSection
	GlobalSection(SolutionProperties) = preSolution
		HideSolutionNode = FALSE
	EndGlobalSection
	GlobalSection(ExtensibilityGlobals) = postSolution
		SolutionGuid = {0FB3C06C-0CDB-4F11-9115-A3694748B698}
	EndGlobalSection
EndGlobal
